# THIS IS AN AUTOGENERATED FILE. DO NOT EDIT THIS FILE DIRECTLY.
# yarn lockfile v1


"@emotion/is-prop-valid@^0.8.2":
  version "0.8.8"
  resolved "https://registry.yarnpkg.com/@emotion/is-prop-valid/-/is-prop-valid-0.8.8.tgz#db28b1c4368a259b60a97311d6a952d4fd01ac1a"
  integrity sha512-u5WtneEAr5IDG2Wv65yhunPSMLIpuKsbuOktRojfrEiEvRyC85LgPMZI63cr7NUqT8ZIGdSVg8ZKGxIug4lXcA==
  dependencies:
    "@emotion/memoize" "0.7.4"

"@emotion/memoize@0.7.4":
  version "0.7.4"
  resolved "https://registry.yarnpkg.com/@emotion/memoize/-/memoize-0.7.4.tgz#19bf0f5af19149111c40d98bb0cf82119f5d9eeb"
  integrity sha512-Ja/Vfqe3HpuzRsG1oBtWTHk2PGZ7GR+2Vz5iYGelAw8dx32K0y7PjVuxK6z1nMpZOqAFsRUPCkK1YjJ56qJlgw==

"@framer/framer.default@^1.71.0":
  version "1.71.0"
  resolved "https://registry.framer.com/@framer/framer.default/-/@framer/framer.default-1.71.0.tgz#b9686541c57222025cfc7d582578c9fabe4419ee"
  integrity sha512-W0WKtDLtRUpVX9saVbwhCOv0nu6OGhQg7B5MWflXzsADLavhLkLjKWYgUCmICGE7xfqXdP5yeiMJJacXYgYlAA==
  dependencies:
    react-feather "^2.0.3"

"@framer/framer.default@^1.77.0":
  version "1.77.0"
  resolved "https://registry.framer.com/@framer/framer.default/-/@framer/framer.default-1.77.0.tgz#9fd09ec8355feec518fcd4435c43601ebcc2a8b8"
  integrity sha512-gQb2sNvlVqGTivgh8/6sZP0c9YTncIMEBvFs+XgDRFy4fAEisgNGb+Uqd4Z2+PKAImfDSOFCrvcTnKJDB8Pq4w==
  dependencies:
    react-feather "^2.0.3"

"@framer/maximedegreve.tinyfaces@^1.4.0":
  version "1.4.0"
  resolved "https://registry.framer.com/@framer/maximedegreve.tinyfaces/-/@framer/maximedegreve.tinyfaces-1.4.0.tgz#1dc72e2f5f564f77f95f22cf1a586b2a060b0590"
  integrity sha512-hchdqzkQjDvHFP7H0WN7wHfFufxM7XBLIWvG+22mNc4GawL/CSRYwssk1ao8ivniXmlqP076KRaooBpIUXfe7A==

"@framer/ruucm-h.enhanced-lottie@1.49.0":
  version "1.49.0"
  resolved "https://registry.framer.com/@framer/ruucm-h.enhanced-lottie/-/@framer/ruucm-h.enhanced-lottie-1.49.0.tgz#c77214dd24c8cc8b48b2847f4a657ffbf1e057c4"
  integrity sha512-/K/qMCwN94nz1ci2/VjZKjpbqRxIEUJVRG6ozkNXX6mV4EGTj7qLrm8v981KhuoA+tBT7IFPxq1KeiSq532m5A==
  dependencies:
    "@framer/framer.default" "^1.77.0"
    lottie-web "^5.5.3"
    prop-types "^15.7.2"

"@types/prop-types@*":
  version "15.7.0"
  resolved "https://registry.yarnpkg.com/@types/prop-types/-/prop-types-15.7.0.tgz#4c48fed958d6dcf9487195a0ef6456d5f6e0163a"
  integrity sha512-eItQyV43bj4rR3JPV0Skpl1SncRCdziTEK9/v8VwXmV6d/qOUO8/EuWeHBbCZcsfSHfzI5UyMJLCSXtxxznyZg==

"@types/react@^16.8":
  version "16.8.4"
  resolved "https://registry.yarnpkg.com/@types/react/-/react-16.8.4.tgz#134307f5266e866d5e7c25e47f31f9abd5b2ea34"
  integrity sha512-Mpz1NNMJvrjf0GcDqiK8+YeOydXfD8Mgag3UtqQ5lXYTsMnOiHcKmO48LiSWMb1rSHB9MV/jlgyNzeAVxWMZRQ==
  dependencies:
    "@types/prop-types" "*"
    csstype "^2.2.0"

csstype@^2.2.0:
  version "2.6.1"
  resolved "https://registry.yarnpkg.com/csstype/-/csstype-2.6.1.tgz#4cfbf637a577497036ebcd7e32647ef19a0b8076"
  integrity sha512-wv7IRqCGsL7WGKB8gPvrl+++HlFM9kxAM6jL1EXNPNTshEJYilMkbfS2SnuHha77uosp/YVK0wAp2jmlBzn1tg==

framer-motion@^2.9.4:
  version "2.9.4"
  resolved "https://registry.yarnpkg.com/framer-motion/-/framer-motion-2.9.4.tgz#366656ae240776c923cbd4359815e5c1ed56084d"
  integrity sha512-Bvgdwpu5UO6VnEEwenJEmnGeo9ILRRWh9f3iIX+71NiM5X60Qi6KlkBFGZc9DGbdIUAn0AYgaxVhTKL39OOYng==
  dependencies:
    framesync "^4.1.0"
    hey-listen "^1.0.8"
    popmotion "9.0.0-rc.20"
    style-value-types "^3.1.9"
    tslib "^1.10.0"
  optionalDependencies:
    "@emotion/is-prop-valid" "^0.8.2"

framesync@^4.1.0:
  version "4.1.0"
  resolved "https://registry.yarnpkg.com/framesync/-/framesync-4.1.0.tgz#69a8db3ca432dc70d6a76ba882684a1497ef068a"
  integrity sha512-MmgZ4wCoeVxNbx2xp5hN/zPDCbLSKiDt4BbbslK7j/pM2lg5S0vhTNv1v8BCVb99JPIo6hXBFdwzU7Q4qcAaoQ==
  dependencies:
    hey-listen "^1.0.5"

hey-listen@^1.0.5, hey-listen@^1.0.8:
  version "1.0.8"
  resolved "https://registry.yarnpkg.com/hey-listen/-/hey-listen-1.0.8.tgz#8e59561ff724908de1aa924ed6ecc84a56a9aa68"
  integrity sha512-COpmrF2NOg4TBWUJ5UVyaCU2A88wEMkUPK4hNqyCkqHbxT92BbvfjoSozkAIIm6XhicGlJHhFdullInrdhwU8Q==

"js-tokens@^3.0.0 || ^4.0.0":
  version "4.0.0"
  resolved "https://registry.yarnpkg.com/js-tokens/-/js-tokens-4.0.0.tgz#19203fb59991df98e3a287050d4647cdeaf32499"
  integrity sha512-RdJUflcE3cUzKiMqQgsCu06FPu9UdIJO0beYbPhHN4k6apgJtifcoCtT9bcxOpYBtpD2kCM6Sbzg4CausW/PKQ==

loose-envify@^1.4.0:
  version "1.4.0"
  resolved "https://registry.yarnpkg.com/loose-envify/-/loose-envify-1.4.0.tgz#71ee51fa7be4caec1a63839f7e682d8132d30caf"
  integrity sha512-lyuxPGr/Wfhrlem2CL/UcnUc1zcqKAImBDzukY7Y5F/yQiNdko6+fRLevlw1HgMySw7f611UIY408EtxRSoK3Q==
  dependencies:
    js-tokens "^3.0.0 || ^4.0.0"

lottie-web@^5.5.3:
  version "5.7.3"
  resolved "https://registry.yarnpkg.com/lottie-web/-/lottie-web-5.7.3.tgz#dbe542270665be5dd5b32deae19e27de6e77728c"
  integrity sha512-ftN4AdiNmtoVpCfN1doiUIUbhOrDSMikH1Yl64/xO5lzQ31AO0+G82bqrCNHIW5Ec2zE/g7y4iz7zBR1YJwDaA==

module-alias@^2.2.2:
  version "2.2.2"
  resolved "https://registry.yarnpkg.com/module-alias/-/module-alias-2.2.2.tgz#151cdcecc24e25739ff0aa6e51e1c5716974c0e0"
  integrity sha512-A/78XjoX2EmNvppVWEhM2oGk3x4lLxnkEA4jTbaK97QKSDjkIoOsKQlfylt/d3kKKi596Qy3NP5XrXJ6fZIC9Q==

object-assign@^4.1.1:
  version "4.1.1"
  resolved "https://registry.yarnpkg.com/object-assign/-/object-assign-4.1.1.tgz#2109adc7965887cfc05cbbd442cac8bfbb360863"
  integrity sha1-IQmtx5ZYh8/AXLvUQsrIv7s2CGM=

popmotion@9.0.0-rc.20:
  version "9.0.0-rc.20"
  resolved "https://registry.yarnpkg.com/popmotion/-/popmotion-9.0.0-rc.20.tgz#f3550042ae31957b5416793ae8723200951ad39d"
  integrity sha512-f98sny03WuA+c8ckBjNNXotJD4G2utG/I3Q23NU69OEafrXtxxSukAaJBxzbtxwDvz3vtZK69pu9ojdkMoBNTg==
  dependencies:
    framesync "^4.1.0"
    hey-listen "^1.0.8"
    style-value-types "^3.1.9"
    tslib "^1.10.0"

prop-types@^15.7.2:
  version "15.7.2"
  resolved "https://registry.yarnpkg.com/prop-types/-/prop-types-15.7.2.tgz#52c41e75b8c87e72b9d9360e0206b99dcbffa6c5"
  integrity sha512-8QQikdH7//R2vurIJSutZ1smHYTcLpRWEOlHnzcWHmBYrOGUysKwSsrC89BCiFj3CbrfJ/nXFdJepOVrY1GCHQ==
  dependencies:
    loose-envify "^1.4.0"
    object-assign "^4.1.1"
    react-is "^16.8.1"

react-feather@^2.0.3:
  version "2.0.8"
  resolved "https://registry.yarnpkg.com/react-feather/-/react-feather-2.0.8.tgz#455baf1470f756a57e2ad6c72545444ce5925781"
  integrity sha512-J0dCEOvOxpovHeOVj3+8mAhN3/UERTfX6rSxnV6x4E+0s+STY536jhSjRfpSvTQA0SSFjYr4KrpPfdsLmK+zZg==
  dependencies:
    prop-types "^15.7.2"

react-is@^16.8.1:
  version "16.13.1"
  resolved "https://registry.yarnpkg.com/react-is/-/react-is-16.13.1.tgz#789729a4dc36de2999dc156dd6c1d9c18cea56a4"
  integrity sha512-24e6ynE2H+OKt4kqsOvNd8kBpV65zoxbA4BVsEOB3ARVWQki/DHzaUoC5KuON/BiccDaCCTZBuOcfZs70kR8bQ==

style-value-types@^3.1.9:
  version "3.1.9"
  resolved "https://registry.yarnpkg.com/style-value-types/-/style-value-types-3.1.9.tgz#faf7da660d3f284ed695cff61ea197d85b9122cc"
  integrity sha512-050uqgB7WdvtgacoQKm+4EgKzJExVq0sieKBQQtJiU3Muh6MYcCp4T3M8+dfl6VOF2LR0NNwXBP1QYEed8DfIw==
  dependencies:
    hey-listen "^1.0.8"
    tslib "^1.10.0"

tslib@^1.10.0:
  version "1.13.0"
  resolved "https://registry.yarnpkg.com/tslib/-/tslib-1.13.0.tgz#c881e13cc7015894ed914862d276436fa9a47043"
  integrity sha512-i/6DQjL8Xf3be4K/E6Wgpekn5Qasl1usyw++dAA35Ue5orEn65VIxOA+YvNNl9HV3qv70T7CNwjODHZrLwvd1Q==
